{
    "name": "@sampilib/theme",
    "version": "0.0.1",
    "lockfileVersion": 2,
    "requires": true,
    "packages": {
        "": {
            "name": "@sampilib/theme",
            "version": "0.0.1",
            "license": "Apache-2.0",
            "dependencies": {
                "@sampilib/value": "^0.0.3"
            }
        },
        "node_modules/@sampilib/value": {
            "version": "0.0.3",
            "resolved": "https://registry.npmjs.org/@sampilib/value/-/value-0.0.3.tgz",
            "integrity": "sha512-JwMO/g9/bx8ylGBcjp0J/QxEdcJRNoETNKfTqosgqmgyhkncFm6ZuTamUTs0qURbXRD7LaM0pSgEPtxZsoX0Og=="
        }
    },
    "dependencies": {
        "@sampilib/value": {
            "version": "0.0.3",
            "resolved": "https://registry.npmjs.org/@sampilib/value/-/value-0.0.3.tgz",
            "integrity": "sha512-JwMO/g9/bx8ylGBcjp0J/QxEdcJRNoETNKfTqosgqmgyhkncFm6ZuTamUTs0qURbXRD7LaM0pSgEPtxZsoX0Og=="
        }
    }
}
