{
    "name": "@sampilib/ui-theme",
    "version": "0.1.0",
    "lockfileVersion": 2,
    "requires": true,
    "packages": {
        "": {
            "name": "@sampilib/ui-theme",
            "version": "0.1.0",
            "license": "Apache-2.0",
            "dependencies": {
                "@sampilib/value": "^0.1.0"
            }
        },
        "node_modules/@sampilib/value": {
            "version": "0.1.0",
            "resolved": "https://registry.npmjs.org/@sampilib/value/-/value-0.1.0.tgz",
            "integrity": "sha512-7fLTuWj9NH73TiNRK94czY8lH+oy9LooUL3UDxvEMdbTf2n1+8Lbe6dFwq+UGFXoDl9uaJro9CekmftQxRf+VQ=="
        }
    },
    "dependencies": {
        "@sampilib/value": {
            "version": "0.1.0",
            "resolved": "https://registry.npmjs.org/@sampilib/value/-/value-0.1.0.tgz",
            "integrity": "sha512-7fLTuWj9NH73TiNRK94czY8lH+oy9LooUL3UDxvEMdbTf2n1+8Lbe6dFwq+UGFXoDl9uaJro9CekmftQxRf+VQ=="
        }
    }
}
